// !$*UTF8*$!
{
	archiveVersion = 1;
	classes = {
	};
	objectVersion = 50;
	objects = {

/* Begin PBXBuildFile section */
		F604200D214D988F00333DD9 /* FakeAPIClient.swift in Sources */ = {isa = PBXBuildFile; fileRef = F604200C214D988F00333DD9 /* FakeAPIClient.swift */; };
		F604200F214E69A100333DD9 /* MovieCell.xib in Resources */ = {isa = PBXBuildFile; fileRef = F604200E214E69A100333DD9 /* MovieCell.xib */; };
		F6042011214E69AB00333DD9 /* MovieCell.swift in Sources */ = {isa = PBXBuildFile; fileRef = F6042010214E69AB00333DD9 /* MovieCell.swift */; };
		F6042017214F9E6200333DD9 /* UIImage+Decode.swift in Sources */ = {isa = PBXBuildFile; fileRef = F6042016214F9E6200333DD9 /* UIImage+Decode.swift */; };
		F6042019214F9EE000333DD9 /* MovieViewModel.swift in Sources */ = {isa = PBXBuildFile; fileRef = F6042018214F9EE000333DD9 /* MovieViewModel.swift */; };
		F604201B214F9EFF00333DD9 /* MovieTableController.swift in Sources */ = {isa = PBXBuildFile; fileRef = F604201A214F9EFF00333DD9 /* MovieTableController.swift */; };
		F616769C214FF619008753BA /* MovieDetailsVC.swift in Sources */ = {isa = PBXBuildFile; fileRef = F616769B214FF619008753BA /* MovieDetailsVC.swift */; };
		F616769E214FF62A008753BA /* FavoritesVC.swift in Sources */ = {isa = PBXBuildFile; fileRef = F616769D214FF62A008753BA /* FavoritesVC.swift */; };
		F61676A421501277008753BA /* MainTabVC.swift in Sources */ = {isa = PBXBuildFile; fileRef = F61676A321501277008753BA /* MainTabVC.swift */; };
		F61676A62150FA7D008753BA /* MoviesListViewModel.swift in Sources */ = {isa = PBXBuildFile; fileRef = F61676A52150FA7D008753BA /* MoviesListViewModel.swift */; };
		F61676A82150FAA9008753BA /* RemoteImageViewModel.swift in Sources */ = {isa = PBXBuildFile; fileRef = F61676A72150FAA9008753BA /* RemoteImageViewModel.swift */; };
		F65571A221516A83002D8867 /* UILabel+Style.swift in Sources */ = {isa = PBXBuildFile; fileRef = F65571A121516A83002D8867 /* UILabel+Style.swift */; };
		F65571A421524F31002D8867 /* ImageFetcher.swift in Sources */ = {isa = PBXBuildFile; fileRef = F65571A321524F31002D8867 /* ImageFetcher.swift */; };
		F65571A621524F39002D8867 /* URLSessionImageFetcher.swift in Sources */ = {isa = PBXBuildFile; fileRef = F65571A521524F39002D8867 /* URLSessionImageFetcher.swift */; };
		F692852D214C29F2002ED354 /* MoviesList.swift in Sources */ = {isa = PBXBuildFile; fileRef = F692852C214C29F2002ED354 /* MoviesList.swift */; };
		F692852F214C3BE7002ED354 /* LoadStatus.swift in Sources */ = {isa = PBXBuildFile; fileRef = F692852E214C3BE7002ED354 /* LoadStatus.swift */; };
		F6928533214C3E27002ED354 /* Store.swift in Sources */ = {isa = PBXBuildFile; fileRef = F6928532214C3E27002ED354 /* Store.swift */; };
		F6928537214C5ED2002ED354 /* ResultTests.swift in Sources */ = {isa = PBXBuildFile; fileRef = F6928536214C5ED2002ED354 /* ResultTests.swift */; };
		F6928539214C6581002ED354 /* StoreTests.swift in Sources */ = {isa = PBXBuildFile; fileRef = F6928538214C6581002ED354 /* StoreTests.swift */; };
		F692853C214C6B3B002ED354 /* MoviesListTests.swift in Sources */ = {isa = PBXBuildFile; fileRef = F692853B214C6B3B002ED354 /* MoviesListTests.swift */; };
		F69C58C921451F0F0086702D /* URLSessionAPIClientTests.swift in Sources */ = {isa = PBXBuildFile; fileRef = F69C58C821451F0F0086702D /* URLSessionAPIClientTests.swift */; };
		F69C58CB21451F1D0086702D /* FakeURLSession.swift in Sources */ = {isa = PBXBuildFile; fileRef = F69C58CA21451F1D0086702D /* FakeURLSession.swift */; };
		F69C58CD214524230086702D /* URLSessionProtocol.swift in Sources */ = {isa = PBXBuildFile; fileRef = F69C58CC214524230086702D /* URLSessionProtocol.swift */; };
		F69C58CF214524430086702D /* FakeURLSessionDataTask.swift in Sources */ = {isa = PBXBuildFile; fileRef = F69C58CE214524430086702D /* FakeURLSessionDataTask.swift */; };
		F6B65D652144242D00BD7D12 /* AppDelegate.swift in Sources */ = {isa = PBXBuildFile; fileRef = F6B65D642144242D00BD7D12 /* AppDelegate.swift */; };
		F6B65D672144242D00BD7D12 /* MovieSearchVC.swift in Sources */ = {isa = PBXBuildFile; fileRef = F6B65D662144242D00BD7D12 /* MovieSearchVC.swift */; };
		F6B65D692144242D00BD7D12 /* ExploreVC.swift in Sources */ = {isa = PBXBuildFile; fileRef = F6B65D682144242D00BD7D12 /* ExploreVC.swift */; };
		F6B65D6C2144242D00BD7D12 /* Main.storyboard in Resources */ = {isa = PBXBuildFile; fileRef = F6B65D6A2144242D00BD7D12 /* Main.storyboard */; };
		F6B65D6E2144242E00BD7D12 /* Assets.xcassets in Resources */ = {isa = PBXBuildFile; fileRef = F6B65D6D2144242E00BD7D12 /* Assets.xcassets */; };
		F6B65D712144242E00BD7D12 /* LaunchScreen.storyboard in Resources */ = {isa = PBXBuildFile; fileRef = F6B65D6F2144242E00BD7D12 /* LaunchScreen.storyboard */; };
		F6B65D8A21442E4800BD7D12 /* HTTPResource.swift in Sources */ = {isa = PBXBuildFile; fileRef = F6B65D8921442E4800BD7D12 /* HTTPResource.swift */; };
		F6B65D8C21442E7B00BD7D12 /* APIClient.swift in Sources */ = {isa = PBXBuildFile; fileRef = F6B65D8B21442E7B00BD7D12 /* APIClient.swift */; };
		F6B65D8E21442E8900BD7D12 /* URLSessionAPIClient.swift in Sources */ = {isa = PBXBuildFile; fileRef = F6B65D8D21442E8900BD7D12 /* URLSessionAPIClient.swift */; };
		F6B65D922144371400BD7D12 /* MovieDBAPI.swift in Sources */ = {isa = PBXBuildFile; fileRef = F6B65D912144371400BD7D12 /* MovieDBAPI.swift */; };
		F6B65D942144389F00BD7D12 /* JSONMapping.swift in Sources */ = {isa = PBXBuildFile; fileRef = F6B65D932144389F00BD7D12 /* JSONMapping.swift */; };
		F6B65D97214439DE00BD7D12 /* APIPaginatedRes.swift in Sources */ = {isa = PBXBuildFile; fileRef = F6B65D96214439DE00BD7D12 /* APIPaginatedRes.swift */; };
		F6B65D99214439EE00BD7D12 /* Movie.swift in Sources */ = {isa = PBXBuildFile; fileRef = F6B65D98214439EE00BD7D12 /* Movie.swift */; };
		F6B65D9B21443A1900BD7D12 /* HTTPMethod.swift in Sources */ = {isa = PBXBuildFile; fileRef = F6B65D9A21443A1900BD7D12 /* HTTPMethod.swift */; };
		F6B65D9D21443A3200BD7D12 /* ParsingError.swift in Sources */ = {isa = PBXBuildFile; fileRef = F6B65D9C21443A3200BD7D12 /* ParsingError.swift */; };
		F6B65D9F21443A3E00BD7D12 /* HTTPResourceParameters.swift in Sources */ = {isa = PBXBuildFile; fileRef = F6B65D9E21443A3E00BD7D12 /* HTTPResourceParameters.swift */; };
		F6B65DA221443C0C00BD7D12 /* Result.swift in Sources */ = {isa = PBXBuildFile; fileRef = F6B65DA121443C0C00BD7D12 /* Result.swift */; };
		F6B65DA421443C1F00BD7D12 /* APIError.swift in Sources */ = {isa = PBXBuildFile; fileRef = F6B65DA321443C1F00BD7D12 /* APIError.swift */; };
		F6B65DA921446DF900BD7D12 /* MovieMappingTests.swift in Sources */ = {isa = PBXBuildFile; fileRef = F6B65DA821446DF900BD7D12 /* MovieMappingTests.swift */; };
		F6B65DAB21446E0E00BD7D12 /* APIPaginatedResTests.swift in Sources */ = {isa = PBXBuildFile; fileRef = F6B65DAA21446E0E00BD7D12 /* APIPaginatedResTests.swift */; };
		F6B65DAD21446E2300BD7D12 /* movie.json in Resources */ = {isa = PBXBuildFile; fileRef = F6B65DAC21446E2300BD7D12 /* movie.json */; };
		F6B65DAF21446E3500BD7D12 /* paginated_movies.json in Resources */ = {isa = PBXBuildFile; fileRef = F6B65DAE21446E3500BD7D12 /* paginated_movies.json */; };
		F6B65DB1214473AF00BD7D12 /* ResourceReader.swift in Sources */ = {isa = PBXBuildFile; fileRef = F6B65DB0214473AF00BD7D12 /* ResourceReader.swift */; };
		F6B65DB42144762100BD7D12 /* URLQueryParametersTests.swift in Sources */ = {isa = PBXBuildFile; fileRef = F6B65DB32144762100BD7D12 /* URLQueryParametersTests.swift */; };
/* End PBXBuildFile section */

/* Begin PBXContainerItemProxy section */
		F6B65D782144242E00BD7D12 /* PBXContainerItemProxy */ = {
			isa = PBXContainerItemProxy;
			containerPortal = F6B65D592144242D00BD7D12 /* Project object */;
			proxyType = 1;
			remoteGlobalIDString = F6B65D602144242D00BD7D12;
			remoteInfo = MovieExplorer;
		};
/* End PBXContainerItemProxy section */

/* Begin PBXFileReference section */
		F604200C214D988F00333DD9 /* FakeAPIClient.swift */ = {isa = PBXFileReference; lastKnownFileType = sourcecode.swift; path = FakeAPIClient.swift; sourceTree = "<group>"; };
		F604200E214E69A100333DD9 /* MovieCell.xib */ = {isa = PBXFileReference; lastKnownFileType = file.xib; path = MovieCell.xib; sourceTree = "<group>"; };
		F6042010214E69AB00333DD9 /* MovieCell.swift */ = {isa = PBXFileReference; lastKnownFileType = sourcecode.swift; path = MovieCell.swift; sourceTree = "<group>"; };
		F6042016214F9E6200333DD9 /* UIImage+Decode.swift */ = {isa = PBXFileReference; lastKnownFileType = sourcecode.swift; path = "UIImage+Decode.swift"; sourceTree = "<group>"; };
		F6042018214F9EE000333DD9 /* MovieViewModel.swift */ = {isa = PBXFileReference; lastKnownFileType = sourcecode.swift; path = MovieViewModel.swift; sourceTree = "<group>"; };
		F604201A214F9EFF00333DD9 /* MovieTableController.swift */ = {isa = PBXFileReference; lastKnownFileType = sourcecode.swift; path = MovieTableController.swift; sourceTree = "<group>"; };
		F616769B214FF619008753BA /* MovieDetailsVC.swift */ = {isa = PBXFileReference; lastKnownFileType = sourcecode.swift; path = MovieDetailsVC.swift; sourceTree = "<group>"; };
		F616769D214FF62A008753BA /* FavoritesVC.swift */ = {isa = PBXFileReference; lastKnownFileType = sourcecode.swift; path = FavoritesVC.swift; sourceTree = "<group>"; };
		F61676A321501277008753BA /* MainTabVC.swift */ = {isa = PBXFileReference; lastKnownFileType = sourcecode.swift; path = MainTabVC.swift; sourceTree = "<group>"; };
		F61676A52150FA7D008753BA /* MoviesListViewModel.swift */ = {isa = PBXFileReference; lastKnownFileType = sourcecode.swift; path = MoviesListViewModel.swift; sourceTree = "<group>"; };
		F61676A72150FAA9008753BA /* RemoteImageViewModel.swift */ = {isa = PBXFileReference; lastKnownFileType = sourcecode.swift; path = RemoteImageViewModel.swift; sourceTree = "<group>"; };
		F65571A121516A83002D8867 /* UILabel+Style.swift */ = {isa = PBXFileReference; fileEncoding = 4; lastKnownFileType = sourcecode.swift; path = "UILabel+Style.swift"; sourceTree = "<group>"; };
		F65571A321524F31002D8867 /* ImageFetcher.swift */ = {isa = PBXFileReference; lastKnownFileType = sourcecode.swift; path = ImageFetcher.swift; sourceTree = "<group>"; };
		F65571A521524F39002D8867 /* URLSessionImageFetcher.swift */ = {isa = PBXFileReference; lastKnownFileType = sourcecode.swift; path = URLSessionImageFetcher.swift; sourceTree = "<group>"; };
		F692852C214C29F2002ED354 /* MoviesList.swift */ = {isa = PBXFileReference; lastKnownFileType = sourcecode.swift; path = MoviesList.swift; sourceTree = "<group>"; };
		F692852E214C3BE7002ED354 /* LoadStatus.swift */ = {isa = PBXFileReference; lastKnownFileType = sourcecode.swift; path = LoadStatus.swift; sourceTree = "<group>"; };
		F6928532214C3E27002ED354 /* Store.swift */ = {isa = PBXFileReference; lastKnownFileType = sourcecode.swift; path = Store.swift; sourceTree = "<group>"; };
		F6928536214C5ED2002ED354 /* ResultTests.swift */ = {isa = PBXFileReference; lastKnownFileType = sourcecode.swift; path = ResultTests.swift; sourceTree = "<group>"; };
		F6928538214C6581002ED354 /* StoreTests.swift */ = {isa = PBXFileReference; lastKnownFileType = sourcecode.swift; path = StoreTests.swift; sourceTree = "<group>"; };
		F692853B214C6B3B002ED354 /* MoviesListTests.swift */ = {isa = PBXFileReference; lastKnownFileType = sourcecode.swift; path = MoviesListTests.swift; sourceTree = "<group>"; };
		F69C58C821451F0F0086702D /* URLSessionAPIClientTests.swift */ = {isa = PBXFileReference; lastKnownFileType = sourcecode.swift; path = URLSessionAPIClientTests.swift; sourceTree = "<group>"; };
		F69C58CA21451F1D0086702D /* FakeURLSession.swift */ = {isa = PBXFileReference; lastKnownFileType = sourcecode.swift; path = FakeURLSession.swift; sourceTree = "<group>"; };
		F69C58CC214524230086702D /* URLSessionProtocol.swift */ = {isa = PBXFileReference; lastKnownFileType = sourcecode.swift; path = URLSessionProtocol.swift; sourceTree = "<group>"; };
		F69C58CE214524430086702D /* FakeURLSessionDataTask.swift */ = {isa = PBXFileReference; lastKnownFileType = sourcecode.swift; path = FakeURLSessionDataTask.swift; sourceTree = "<group>"; };
		F6B65D612144242D00BD7D12 /* MovieExplorer.app */ = {isa = PBXFileReference; explicitFileType = wrapper.application; includeInIndex = 0; path = MovieExplorer.app; sourceTree = BUILT_PRODUCTS_DIR; };
		F6B65D642144242D00BD7D12 /* AppDelegate.swift */ = {isa = PBXFileReference; lastKnownFileType = sourcecode.swift; path = AppDelegate.swift; sourceTree = "<group>"; };
		F6B65D662144242D00BD7D12 /* MovieSearchVC.swift */ = {isa = PBXFileReference; lastKnownFileType = sourcecode.swift; path = MovieSearchVC.swift; sourceTree = "<group>"; };
		F6B65D682144242D00BD7D12 /* ExploreVC.swift */ = {isa = PBXFileReference; lastKnownFileType = sourcecode.swift; path = ExploreVC.swift; sourceTree = "<group>"; };
		F6B65D6B2144242D00BD7D12 /* Base */ = {isa = PBXFileReference; lastKnownFileType = file.storyboard; name = Base; path = Base.lproj/Main.storyboard; sourceTree = "<group>"; };
		F6B65D6D2144242E00BD7D12 /* Assets.xcassets */ = {isa = PBXFileReference; lastKnownFileType = folder.assetcatalog; path = Assets.xcassets; sourceTree = "<group>"; };
		F6B65D702144242E00BD7D12 /* Base */ = {isa = PBXFileReference; lastKnownFileType = file.storyboard; name = Base; path = Base.lproj/LaunchScreen.storyboard; sourceTree = "<group>"; };
		F6B65D722144242E00BD7D12 /* Info.plist */ = {isa = PBXFileReference; lastKnownFileType = text.plist.xml; path = Info.plist; sourceTree = "<group>"; };
		F6B65D772144242E00BD7D12 /* MovieExplorerTests.xctest */ = {isa = PBXFileReference; explicitFileType = wrapper.cfbundle; includeInIndex = 0; path = MovieExplorerTests.xctest; sourceTree = BUILT_PRODUCTS_DIR; };
		F6B65D7D2144242E00BD7D12 /* Info.plist */ = {isa = PBXFileReference; lastKnownFileType = text.plist.xml; path = Info.plist; sourceTree = "<group>"; };
		F6B65D8921442E4800BD7D12 /* HTTPResource.swift */ = {isa = PBXFileReference; lastKnownFileType = sourcecode.swift; path = HTTPResource.swift; sourceTree = "<group>"; };
		F6B65D8B21442E7B00BD7D12 /* APIClient.swift */ = {isa = PBXFileReference; lastKnownFileType = sourcecode.swift; path = APIClient.swift; sourceTree = "<group>"; };
		F6B65D8D21442E8900BD7D12 /* URLSessionAPIClient.swift */ = {isa = PBXFileReference; lastKnownFileType = sourcecode.swift; path = URLSessionAPIClient.swift; sourceTree = "<group>"; };
		F6B65D912144371400BD7D12 /* MovieDBAPI.swift */ = {isa = PBXFileReference; lastKnownFileType = sourcecode.swift; path = MovieDBAPI.swift; sourceTree = "<group>"; };
		F6B65D932144389F00BD7D12 /* JSONMapping.swift */ = {isa = PBXFileReference; lastKnownFileType = sourcecode.swift; path = JSONMapping.swift; sourceTree = "<group>"; };
		F6B65D96214439DE00BD7D12 /* APIPaginatedRes.swift */ = {isa = PBXFileReference; lastKnownFileType = sourcecode.swift; path = APIPaginatedRes.swift; sourceTree = "<group>"; };
		F6B65D98214439EE00BD7D12 /* Movie.swift */ = {isa = PBXFileReference; lastKnownFileType = sourcecode.swift; path = Movie.swift; sourceTree = "<group>"; };
		F6B65D9A21443A1900BD7D12 /* HTTPMethod.swift */ = {isa = PBXFileReference; lastKnownFileType = sourcecode.swift; path = HTTPMethod.swift; sourceTree = "<group>"; };
		F6B65D9C21443A3200BD7D12 /* ParsingError.swift */ = {isa = PBXFileReference; lastKnownFileType = sourcecode.swift; path = ParsingError.swift; sourceTree = "<group>"; };
		F6B65D9E21443A3E00BD7D12 /* HTTPResourceParameters.swift */ = {isa = PBXFileReference; lastKnownFileType = sourcecode.swift; path = HTTPResourceParameters.swift; sourceTree = "<group>"; };
		F6B65DA121443C0C00BD7D12 /* Result.swift */ = {isa = PBXFileReference; lastKnownFileType = sourcecode.swift; path = Result.swift; sourceTree = "<group>"; };
		F6B65DA321443C1F00BD7D12 /* APIError.swift */ = {isa = PBXFileReference; lastKnownFileType = sourcecode.swift; path = APIError.swift; sourceTree = "<group>"; };
		F6B65DA821446DF900BD7D12 /* MovieMappingTests.swift */ = {isa = PBXFileReference; lastKnownFileType = sourcecode.swift; path = MovieMappingTests.swift; sourceTree = "<group>"; };
		F6B65DAA21446E0E00BD7D12 /* APIPaginatedResTests.swift */ = {isa = PBXFileReference; lastKnownFileType = sourcecode.swift; path = APIPaginatedResTests.swift; sourceTree = "<group>"; };
		F6B65DAC21446E2300BD7D12 /* movie.json */ = {isa = PBXFileReference; lastKnownFileType = text.json; path = movie.json; sourceTree = "<group>"; };
		F6B65DAE21446E3500BD7D12 /* paginated_movies.json */ = {isa = PBXFileReference; lastKnownFileType = text.json; path = paginated_movies.json; sourceTree = "<group>"; };
		F6B65DB0214473AF00BD7D12 /* ResourceReader.swift */ = {isa = PBXFileReference; lastKnownFileType = sourcecode.swift; path = ResourceReader.swift; sourceTree = "<group>"; };
		F6B65DB32144762100BD7D12 /* URLQueryParametersTests.swift */ = {isa = PBXFileReference; lastKnownFileType = sourcecode.swift; path = URLQueryParametersTests.swift; sourceTree = "<group>"; };
/* End PBXFileReference section */

/* Begin PBXFrameworksBuildPhase section */
		F6B65D5E2144242D00BD7D12 /* Frameworks */ = {
			isa = PBXFrameworksBuildPhase;
			buildActionMask = 2147483647;
			files = (
			);
			runOnlyForDeploymentPostprocessing = 0;
		};
		F6B65D742144242E00BD7D12 /* Frameworks */ = {
			isa = PBXFrameworksBuildPhase;
			buildActionMask = 2147483647;
			files = (
			);
			runOnlyForDeploymentPostprocessing = 0;
		};
/* End PBXFrameworksBuildPhase section */

/* Begin PBXGroup section */
		F6042012214F7CAD00333DD9 /* Explore */ = {
			isa = PBXGroup;
			children = (
				F6B65D682144242D00BD7D12 /* ExploreVC.swift */,
				F604201A214F9EFF00333DD9 /* MovieTableController.swift */,
				F61676A52150FA7D008753BA /* MoviesListViewModel.swift */,
			);
			path = Explore;
			sourceTree = "<group>";
		};
		F6042013214F7CB200333DD9 /* Search */ = {
			isa = PBXGroup;
			children = (
				F6B65D662144242D00BD7D12 /* MovieSearchVC.swift */,
			);
			path = Search;
			sourceTree = "<group>";
		};
		F6042014214F7CC200333DD9 /* Common */ = {
			isa = PBXGroup;
			children = (
				F65571A121516A83002D8867 /* UILabel+Style.swift */,
				F604200E214E69A100333DD9 /* MovieCell.xib */,
				F6042010214E69AB00333DD9 /* MovieCell.swift */,
				F6042018214F9EE000333DD9 /* MovieViewModel.swift */,
				F61676A72150FAA9008753BA /* RemoteImageViewModel.swift */,
			);
			path = Common;
			sourceTree = "<group>";
		};
		F6042015214F9E5800333DD9 /* Core */ = {
			isa = PBXGroup;
			children = (
				F6042016214F9E6200333DD9 /* UIImage+Decode.swift */,
			);
			path = Core;
			sourceTree = "<group>";
		};
		F6167699214FF5FF008753BA /* Favorites */ = {
			isa = PBXGroup;
			children = (
				F616769D214FF62A008753BA /* FavoritesVC.swift */,
			);
			path = Favorites;
			sourceTree = "<group>";
		};
		F616769A214FF608008753BA /* Details */ = {
			isa = PBXGroup;
			children = (
				F616769B214FF619008753BA /* MovieDetailsVC.swift */,
			);
			path = Details;
			sourceTree = "<group>";
		};
		F692852B214C29E6002ED354 /* Model */ = {
			isa = PBXGroup;
			children = (
				F692852C214C29F2002ED354 /* MoviesList.swift */,
				F692852E214C3BE7002ED354 /* LoadStatus.swift */,
			);
			path = Model;
			sourceTree = "<group>";
		};
		F6928535214C5EC8002ED354 /* Core */ = {
			isa = PBXGroup;
			children = (
				F6928536214C5ED2002ED354 /* ResultTests.swift */,
				F6928538214C6581002ED354 /* StoreTests.swift */,
			);
			path = Core;
			sourceTree = "<group>";
		};
		F692853A214C6B2D002ED354 /* Model */ = {
			isa = PBXGroup;
			children = (
				F692853B214C6B3B002ED354 /* MoviesListTests.swift */,
			);
			path = Model;
			sourceTree = "<group>";
		};
		F6B65D582144242D00BD7D12 = {
			isa = PBXGroup;
			children = (
				F6B65D632144242D00BD7D12 /* MovieExplorer */,
				F6B65D7A2144242E00BD7D12 /* MovieExplorerTests */,
				F6B65D622144242D00BD7D12 /* Products */,
			);
			sourceTree = "<group>";
		};
		F6B65D622144242D00BD7D12 /* Products */ = {
			isa = PBXGroup;
			children = (
				F6B65D612144242D00BD7D12 /* MovieExplorer.app */,
				F6B65D772144242E00BD7D12 /* MovieExplorerTests.xctest */,
			);
			name = Products;
			sourceTree = "<group>";
		};
		F6B65D632144242D00BD7D12 /* MovieExplorer */ = {
			isa = PBXGroup;
			children = (
				F692852B214C29E6002ED354 /* Model */,
				F6B65DA021443C0600BD7D12 /* Core */,
				F6B65D88214425AB00BD7D12 /* API */,
				F6B65D872144259700BD7D12 /* UI */,
				F6B65D862144259100BD7D12 /* Application */,
				F6B65D6D2144242E00BD7D12 /* Assets.xcassets */,
				F6B65D6F2144242E00BD7D12 /* LaunchScreen.storyboard */,
				F6B65D722144242E00BD7D12 /* Info.plist */,
			);
			path = MovieExplorer;
			sourceTree = "<group>";
		};
		F6B65D7A2144242E00BD7D12 /* MovieExplorerTests */ = {
			isa = PBXGroup;
			children = (
				F692853A214C6B2D002ED354 /* Model */,
				F6928535214C5EC8002ED354 /* Core */,
				F6B65DA621446BA100BD7D12 /* API */,
				F6B65DB0214473AF00BD7D12 /* ResourceReader.swift */,
				F6B65D7D2144242E00BD7D12 /* Info.plist */,
			);
			path = MovieExplorerTests;
			sourceTree = "<group>";
		};
		F6B65D862144259100BD7D12 /* Application */ = {
			isa = PBXGroup;
			children = (
				F6B65D642144242D00BD7D12 /* AppDelegate.swift */,
			);
			path = Application;
			sourceTree = "<group>";
		};
		F6B65D872144259700BD7D12 /* UI */ = {
			isa = PBXGroup;
			children = (
				F6042015214F9E5800333DD9 /* Core */,
				F6042014214F7CC200333DD9 /* Common */,
				F6042013214F7CB200333DD9 /* Search */,
				F6167699214FF5FF008753BA /* Favorites */,
				F616769A214FF608008753BA /* Details */,
				F6042012214F7CAD00333DD9 /* Explore */,
				F61676A321501277008753BA /* MainTabVC.swift */,
				F6B65D6A2144242D00BD7D12 /* Main.storyboard */,
			);
			path = UI;
			sourceTree = "<group>";
		};
		F6B65D88214425AB00BD7D12 /* API */ = {
			isa = PBXGroup;
			children = (
				F6B65D95214439D600BD7D12 /* Entities */,
				F6B65D90214436F100BD7D12 /* Resources */,
				F6B65D8F214436EC00BD7D12 /* HTTP */,
				F6B65D8B21442E7B00BD7D12 /* APIClient.swift */,
				F6B65DA321443C1F00BD7D12 /* APIError.swift */,
				F6B65D8D21442E8900BD7D12 /* URLSessionAPIClient.swift */,
				F69C58CC214524230086702D /* URLSessionProtocol.swift */,
				F65571A321524F31002D8867 /* ImageFetcher.swift */,
				F65571A521524F39002D8867 /* URLSessionImageFetcher.swift */,
			);
			path = API;
			sourceTree = "<group>";
		};
		F6B65D8F214436EC00BD7D12 /* HTTP */ = {
			isa = PBXGroup;
			children = (
				F6B65D9A21443A1900BD7D12 /* HTTPMethod.swift */,
				F6B65D9E21443A3E00BD7D12 /* HTTPResourceParameters.swift */,
				F6B65D8921442E4800BD7D12 /* HTTPResource.swift */,
				F6B65D9C21443A3200BD7D12 /* ParsingError.swift */,
				F6B65D932144389F00BD7D12 /* JSONMapping.swift */,
			);
			path = HTTP;
			sourceTree = "<group>";
		};
		F6B65D90214436F100BD7D12 /* Resources */ = {
			isa = PBXGroup;
			children = (
				F6B65D912144371400BD7D12 /* MovieDBAPI.swift */,
			);
			path = Resources;
			sourceTree = "<group>";
		};
		F6B65D95214439D600BD7D12 /* Entities */ = {
			isa = PBXGroup;
			children = (
				F6B65D96214439DE00BD7D12 /* APIPaginatedRes.swift */,
				F6B65D98214439EE00BD7D12 /* Movie.swift */,
			);
			path = Entities;
			sourceTree = "<group>";
		};
		F6B65DA021443C0600BD7D12 /* Core */ = {
			isa = PBXGroup;
			children = (
				F6B65DA121443C0C00BD7D12 /* Result.swift */,
				F6928532214C3E27002ED354 /* Store.swift */,
			);
			path = Core;
			sourceTree = "<group>";
		};
		F6B65DA621446BA100BD7D12 /* API */ = {
			isa = PBXGroup;
			children = (
				F6B65DB22144760700BD7D12 /* HTTP */,
				F6B65DA721446DE300BD7D12 /* Mapping */,
				F69C58C821451F0F0086702D /* URLSessionAPIClientTests.swift */,
				F69C58CA21451F1D0086702D /* FakeURLSession.swift */,
				F69C58CE214524430086702D /* FakeURLSessionDataTask.swift */,
				F604200C214D988F00333DD9 /* FakeAPIClient.swift */,
			);
			path = API;
			sourceTree = "<group>";
		};
		F6B65DA721446DE300BD7D12 /* Mapping */ = {
			isa = PBXGroup;
			children = (
				F6B65DAC21446E2300BD7D12 /* movie.json */,
				F6B65DAE21446E3500BD7D12 /* paginated_movies.json */,
				F6B65DA821446DF900BD7D12 /* MovieMappingTests.swift */,
				F6B65DAA21446E0E00BD7D12 /* APIPaginatedResTests.swift */,
			);
			path = Mapping;
			sourceTree = "<group>";
		};
		F6B65DB22144760700BD7D12 /* HTTP */ = {
			isa = PBXGroup;
			children = (
				F6B65DB32144762100BD7D12 /* URLQueryParametersTests.swift */,
			);
			path = HTTP;
			sourceTree = "<group>";
		};
/* End PBXGroup section */

/* Begin PBXNativeTarget section */
		F6B65D602144242D00BD7D12 /* MovieExplorer */ = {
			isa = PBXNativeTarget;
			buildConfigurationList = F6B65D802144242E00BD7D12 /* Build configuration list for PBXNativeTarget "MovieExplorer" */;
			buildPhases = (
				F6B65D5D2144242D00BD7D12 /* Sources */,
				F6B65D5E2144242D00BD7D12 /* Frameworks */,
				F6B65D5F2144242D00BD7D12 /* Resources */,
			);
			buildRules = (
			);
			dependencies = (
			);
			name = MovieExplorer;
			productName = MovieExplorer;
			productReference = F6B65D612144242D00BD7D12 /* MovieExplorer.app */;
			productType = "com.apple.product-type.application";
		};
		F6B65D762144242E00BD7D12 /* MovieExplorerTests */ = {
			isa = PBXNativeTarget;
			buildConfigurationList = F6B65D832144242E00BD7D12 /* Build configuration list for PBXNativeTarget "MovieExplorerTests" */;
			buildPhases = (
				F6B65D732144242E00BD7D12 /* Sources */,
				F6B65D742144242E00BD7D12 /* Frameworks */,
				F6B65D752144242E00BD7D12 /* Resources */,
			);
			buildRules = (
			);
			dependencies = (
				F6B65D792144242E00BD7D12 /* PBXTargetDependency */,
			);
			name = MovieExplorerTests;
			productName = MovieExplorerTests;
			productReference = F6B65D772144242E00BD7D12 /* MovieExplorerTests.xctest */;
			productType = "com.apple.product-type.bundle.unit-test";
		};
/* End PBXNativeTarget section */

/* Begin PBXProject section */
		F6B65D592144242D00BD7D12 /* Project object */ = {
			isa = PBXProject;
			attributes = {
				LastSwiftUpdateCheck = 0940;
				LastUpgradeCheck = 0940;
				ORGANIZATIONNAME = "Evgeny Kazakov";
				TargetAttributes = {
					F6B65D602144242D00BD7D12 = {
						CreatedOnToolsVersion = 9.4.1;
					};
					F6B65D762144242E00BD7D12 = {
						CreatedOnToolsVersion = 9.4.1;
						TestTargetID = F6B65D602144242D00BD7D12;
					};
				};
			};
			buildConfigurationList = F6B65D5C2144242D00BD7D12 /* Build configuration list for PBXProject "MovieExplorer" */;
			compatibilityVersion = "Xcode 9.3";
			developmentRegion = en;
			hasScannedForEncodings = 0;
			knownRegions = (
				en,
				Base,
			);
			mainGroup = F6B65D582144242D00BD7D12;
			productRefGroup = F6B65D622144242D00BD7D12 /* Products */;
			projectDirPath = "";
			projectRoot = "";
			targets = (
				F6B65D602144242D00BD7D12 /* MovieExplorer */,
				F6B65D762144242E00BD7D12 /* MovieExplorerTests */,
			);
		};
/* End PBXProject section */

/* Begin PBXResourcesBuildPhase section */
		F6B65D5F2144242D00BD7D12 /* Resources */ = {
			isa = PBXResourcesBuildPhase;
			buildActionMask = 2147483647;
			files = (
				F6B65D712144242E00BD7D12 /* LaunchScreen.storyboard in Resources */,
				F6B65D6E2144242E00BD7D12 /* Assets.xcassets in Resources */,
				F604200F214E69A100333DD9 /* MovieCell.xib in Resources */,
				F6B65D6C2144242D00BD7D12 /* Main.storyboard in Resources */,
			);
			runOnlyForDeploymentPostprocessing = 0;
		};
		F6B65D752144242E00BD7D12 /* Resources */ = {
			isa = PBXResourcesBuildPhase;
			buildActionMask = 2147483647;
			files = (
				F6B65DAF21446E3500BD7D12 /* paginated_movies.json in Resources */,
				F6B65DAD21446E2300BD7D12 /* movie.json in Resources */,
			);
			runOnlyForDeploymentPostprocessing = 0;
		};
/* End PBXResourcesBuildPhase section */

/* Begin PBXSourcesBuildPhase section */
		F6B65D5D2144242D00BD7D12 /* Sources */ = {
			isa = PBXSourcesBuildPhase;
			buildActionMask = 2147483647;
			files = (
				F6B65D97214439DE00BD7D12 /* APIPaginatedRes.swift in Sources */,
				F6B65D692144242D00BD7D12 /* ExploreVC.swift in Sources */,
				F6B65D652144242D00BD7D12 /* AppDelegate.swift in Sources */,
				F6B65D9B21443A1900BD7D12 /* HTTPMethod.swift in Sources */,
				F6B65DA221443C0C00BD7D12 /* Result.swift in Sources */,
				F616769E214FF62A008753BA /* FavoritesVC.swift in Sources */,
				F65571A621524F39002D8867 /* URLSessionImageFetcher.swift in Sources */,
				F6B65D9F21443A3E00BD7D12 /* HTTPResourceParameters.swift in Sources */,
				F616769C214FF619008753BA /* MovieDetailsVC.swift in Sources */,
				F6B65D942144389F00BD7D12 /* JSONMapping.swift in Sources */,
				F65571A421524F31002D8867 /* ImageFetcher.swift in Sources */,
				F692852F214C3BE7002ED354 /* LoadStatus.swift in Sources */,
				F65571A221516A83002D8867 /* UILabel+Style.swift in Sources */,
				F6B65D99214439EE00BD7D12 /* Movie.swift in Sources */,
				F6B65DA421443C1F00BD7D12 /* APIError.swift in Sources */,
				F61676A62150FA7D008753BA /* MoviesListViewModel.swift in Sources */,
				F692852D214C29F2002ED354 /* MoviesList.swift in Sources */,
				F6B65D8A21442E4800BD7D12 /* HTTPResource.swift in Sources */,
				F6B65D9D21443A3200BD7D12 /* ParsingError.swift in Sources */,
				F61676A82150FAA9008753BA /* RemoteImageViewModel.swift in Sources */,
				F6B65D672144242D00BD7D12 /* MovieSearchVC.swift in Sources */,
				F6928533214C3E27002ED354 /* Store.swift in Sources */,
				F69C58CD214524230086702D /* URLSessionProtocol.swift in Sources */,
				F604201B214F9EFF00333DD9 /* MovieTableController.swift in Sources */,
				F6B65D8E21442E8900BD7D12 /* URLSessionAPIClient.swift in Sources */,
				F6B65D922144371400BD7D12 /* MovieDBAPI.swift in Sources */,
				F6042011214E69AB00333DD9 /* MovieCell.swift in Sources */,
				F6042019214F9EE000333DD9 /* MovieViewModel.swift in Sources */,
				F61676A421501277008753BA /* MainTabVC.swift in Sources */,
				F6B65D8C21442E7B00BD7D12 /* APIClient.swift in Sources */,
				F6042017214F9E6200333DD9 /* UIImage+Decode.swift in Sources */,
			);
			runOnlyForDeploymentPostprocessing = 0;
		};
		F6B65D732144242E00BD7D12 /* Sources */ = {
			isa = PBXSourcesBuildPhase;
			buildActionMask = 2147483647;
			files = (
				F692853C214C6B3B002ED354 /* MoviesListTests.swift in Sources */,
				F6B65DAB21446E0E00BD7D12 /* APIPaginatedResTests.swift in Sources */,
				F6B65DB1214473AF00BD7D12 /* ResourceReader.swift in Sources */,
				F6B65DA921446DF900BD7D12 /* MovieMappingTests.swift in Sources */,
				F69C58C921451F0F0086702D /* URLSessionAPIClientTests.swift in Sources */,
				F69C58CF214524430086702D /* FakeURLSessionDataTask.swift in Sources */,
				F6B65DB42144762100BD7D12 /* URLQueryParametersTests.swift in Sources */,
				F6928537214C5ED2002ED354 /* ResultTests.swift in Sources */,
				F69C58CB21451F1D0086702D /* FakeURLSession.swift in Sources */,
				F6928539214C6581002ED354 /* StoreTests.swift in Sources */,
				F604200D214D988F00333DD9 /* FakeAPIClient.swift in Sources */,
			);
			runOnlyForDeploymentPostprocessing = 0;
		};
/* End PBXSourcesBuildPhase section */

/* Begin PBXTargetDependency section */
		F6B65D792144242E00BD7D12 /* PBXTargetDependency */ = {
			isa = PBXTargetDependency;
			target = F6B65D602144242D00BD7D12 /* MovieExplorer */;
			targetProxy = F6B65D782144242E00BD7D12 /* PBXContainerItemProxy */;
		};
/* End PBXTargetDependency section */

/* Begin PBXVariantGroup section */
		F6B65D6A2144242D00BD7D12 /* Main.storyboard */ = {
			isa = PBXVariantGroup;
			children = (
				F6B65D6B2144242D00BD7D12 /* Base */,
			);
			name = Main.storyboard;
			sourceTree = "<group>";
		};
		F6B65D6F2144242E00BD7D12 /* LaunchScreen.storyboard */ = {
			isa = PBXVariantGroup;
			children = (
				F6B65D702144242E00BD7D12 /* Base */,
			);
			name = LaunchScreen.storyboard;
			sourceTree = "<group>";
		};
/* End PBXVariantGroup section */

/* Begin XCBuildConfiguration section */
		F6B65D7E2144242E00BD7D12 /* Debug */ = {
			isa = XCBuildConfiguration;
			buildSettings = {
				ALWAYS_SEARCH_USER_PATHS = NO;
				CLANG_ANALYZER_NONNULL = YES;
				CLANG_ANALYZER_NUMBER_OBJECT_CONVERSION = YES_AGGRESSIVE;
				CLANG_CXX_LANGUAGE_STANDARD = "gnu++14";
				CLANG_CXX_LIBRARY = "libc++";
				CLANG_ENABLE_MODULES = YES;
				CLANG_ENABLE_OBJC_ARC = YES;
				CLANG_ENABLE_OBJC_WEAK = YES;
				CLANG_WARN_BLOCK_CAPTURE_AUTORELEASING = YES;
				CLANG_WARN_BOOL_CONVERSION = YES;
				CLANG_WARN_COMMA = YES;
				CLANG_WARN_CONSTANT_CONVERSION = YES;
				CLANG_WARN_DEPRECATED_OBJC_IMPLEMENTATIONS = YES;
				CLANG_WARN_DIRECT_OBJC_ISA_USAGE = YES_ERROR;
				CLANG_WARN_DOCUMENTATION_COMMENTS = YES;
				CLANG_WARN_EMPTY_BODY = YES;
				CLANG_WARN_ENUM_CONVERSION = YES;
				CLANG_WARN_INFINITE_RECURSION = YES;
				CLANG_WARN_INT_CONVERSION = YES;
				CLANG_WARN_NON_LITERAL_NULL_CONVERSION = YES;
				CLANG_WARN_OBJC_IMPLICIT_RETAIN_SELF = YES;
				CLANG_WARN_OBJC_LITERAL_CONVERSION = YES;
				CLANG_WARN_OBJC_ROOT_CLASS = YES_ERROR;
				CLANG_WARN_RANGE_LOOP_ANALYSIS = YES;
				CLANG_WARN_STRICT_PROTOTYPES = YES;
				CLANG_WARN_SUSPICIOUS_MOVE = YES;
				CLANG_WARN_UNGUARDED_AVAILABILITY = YES_AGGRESSIVE;
				CLANG_WARN_UNREACHABLE_CODE = YES;
				CLANG_WARN__DUPLICATE_METHOD_MATCH = YES;
				CODE_SIGN_IDENTITY = "iPhone Developer";
				COPY_PHASE_STRIP = NO;
				DEBUG_INFORMATION_FORMAT = dwarf;
				ENABLE_STRICT_OBJC_MSGSEND = YES;
				ENABLE_TESTABILITY = YES;
				GCC_C_LANGUAGE_STANDARD = gnu11;
				GCC_DYNAMIC_NO_PIC = NO;
				GCC_NO_COMMON_BLOCKS = YES;
				GCC_OPTIMIZATION_LEVEL = 0;
				GCC_PREPROCESSOR_DEFINITIONS = (
					"DEBUG=1",
					"$(inherited)",
				);
				GCC_WARN_64_TO_32_BIT_CONVERSION = YES;
				GCC_WARN_ABOUT_RETURN_TYPE = YES_ERROR;
				GCC_WARN_UNDECLARED_SELECTOR = YES;
				GCC_WARN_UNINITIALIZED_AUTOS = YES_AGGRESSIVE;
				GCC_WARN_UNUSED_FUNCTION = YES;
				GCC_WARN_UNUSED_VARIABLE = YES;
				IPHONEOS_DEPLOYMENT_TARGET = 11.4;
				MTL_ENABLE_DEBUG_INFO = YES;
				ONLY_ACTIVE_ARCH = YES;
				SDKROOT = iphoneos;
				SWIFT_ACTIVE_COMPILATION_CONDITIONS = DEBUG;
				SWIFT_OPTIMIZATION_LEVEL = "-Onone";
			};
			name = Debug;
		};
		F6B65D7F2144242E00BD7D12 /* Release */ = {
			isa = XCBuildConfiguration;
			buildSettings = {
				ALWAYS_SEARCH_USER_PATHS = NO;
				CLANG_ANALYZER_NONNULL = YES;
				CLANG_ANALYZER_NUMBER_OBJECT_CONVERSION = YES_AGGRESSIVE;
				CLANG_CXX_LANGUAGE_STANDARD = "gnu++14";
				CLANG_CXX_LIBRARY = "libc++";
				CLANG_ENABLE_MODULES = YES;
				CLANG_ENABLE_OBJC_ARC = YES;
				CLANG_ENABLE_OBJC_WEAK = YES;
				CLANG_WARN_BLOCK_CAPTURE_AUTORELEASING = YES;
				CLANG_WARN_BOOL_CONVERSION = YES;
				CLANG_WARN_COMMA = YES;
				CLANG_WARN_CONSTANT_CONVERSION = YES;
				CLANG_WARN_DEPRECATED_OBJC_IMPLEMENTATIONS = YES;
				CLANG_WARN_DIRECT_OBJC_ISA_USAGE = YES_ERROR;
				CLANG_WARN_DOCUMENTATION_COMMENTS = YES;
				CLANG_WARN_EMPTY_BODY = YES;
				CLANG_WARN_ENUM_CONVERSION = YES;
				CLANG_WARN_INFINITE_RECURSION = YES;
				CLANG_WARN_INT_CONVERSION = YES;
				CLANG_WARN_NON_LITERAL_NULL_CONVERSION = YES;
				CLANG_WARN_OBJC_IMPLICIT_RETAIN_SELF = YES;
				CLANG_WARN_OBJC_LITERAL_CONVERSION = YES;
				CLANG_WARN_OBJC_ROOT_CLASS = YES_ERROR;
				CLANG_WARN_RANGE_LOOP_ANALYSIS = YES;
				CLANG_WARN_STRICT_PROTOTYPES = YES;
				CLANG_WARN_SUSPICIOUS_MOVE = YES;
				CLANG_WARN_UNGUARDED_AVAILABILITY = YES_AGGRESSIVE;
				CLANG_WARN_UNREACHABLE_CODE = YES;
				CLANG_WARN__DUPLICATE_METHOD_MATCH = YES;
				CODE_SIGN_IDENTITY = "iPhone Developer";
				COPY_PHASE_STRIP = NO;
				DEBUG_INFORMATION_FORMAT = "dwarf-with-dsym";
				ENABLE_NS_ASSERTIONS = NO;
				ENABLE_STRICT_OBJC_MSGSEND = YES;
				GCC_C_LANGUAGE_STANDARD = gnu11;
				GCC_NO_COMMON_BLOCKS = YES;
				GCC_WARN_64_TO_32_BIT_CONVERSION = YES;
				GCC_WARN_ABOUT_RETURN_TYPE = YES_ERROR;
				GCC_WARN_UNDECLARED_SELECTOR = YES;
				GCC_WARN_UNINITIALIZED_AUTOS = YES_AGGRESSIVE;
				GCC_WARN_UNUSED_FUNCTION = YES;
				GCC_WARN_UNUSED_VARIABLE = YES;
				IPHONEOS_DEPLOYMENT_TARGET = 11.4;
				MTL_ENABLE_DEBUG_INFO = NO;
				SDKROOT = iphoneos;
				SWIFT_COMPILATION_MODE = wholemodule;
				SWIFT_OPTIMIZATION_LEVEL = "-O";
				VALIDATE_PRODUCT = YES;
			};
			name = Release;
		};
		F6B65D812144242E00BD7D12 /* Debug */ = {
			isa = XCBuildConfiguration;
			buildSettings = {
				ASSETCATALOG_COMPILER_APPICON_NAME = AppIcon;
				CODE_SIGN_STYLE = Automatic;
				DEVELOPMENT_TEAM = 22TBR3K4G9;
				INFOPLIST_FILE = MovieExplorer/Info.plist;
				LD_RUNPATH_SEARCH_PATHS = (
					"$(inherited)",
					"@executable_path/Frameworks",
				);
				PRODUCT_BUNDLE_IDENTIFIER = org.ekazakov.MovieExplorer;
				PRODUCT_NAME = "$(TARGET_NAME)";
				SWIFT_VERSION = 4.0;
				TARGETED_DEVICE_FAMILY = "1,2";
			};
			name = Debug;
		};
		F6B65D822144242E00BD7D12 /* Release */ = {
			isa = XCBuildConfiguration;
			buildSettings = {
				ASSETCATALOG_COMPILER_APPICON_NAME = AppIcon;
				CODE_SIGN_STYLE = Automatic;
				DEVELOPMENT_TEAM = 22TBR3K4G9;
				INFOPLIST_FILE = MovieExplorer/Info.plist;
				LD_RUNPATH_SEARCH_PATHS = (
					"$(inherited)",
					"@executable_path/Frameworks",
				);
				PRODUCT_BUNDLE_IDENTIFIER = org.ekazakov.MovieExplorer;
				PRODUCT_NAME = "$(TARGET_NAME)";
				SWIFT_VERSION = 4.0;
				TARGETED_DEVICE_FAMILY = "1,2";
			};
			name = Release;
		};
		F6B65D842144242E00BD7D12 /* Debug */ = {
			isa = XCBuildConfiguration;
			buildSettings = {
				ALWAYS_EMBED_SWIFT_STANDARD_LIBRARIES = YES;
				BUNDLE_LOADER = "$(TEST_HOST)";
				CODE_SIGN_STYLE = Automatic;
				DEVELOPMENT_TEAM = 22TBR3K4G9;
				INFOPLIST_FILE = MovieExplorerTests/Info.plist;
				LD_RUNPATH_SEARCH_PATHS = (
					"$(inherited)",
					"@executable_path/Frameworks",
					"@loader_path/Frameworks",
				);
				PRODUCT_BUNDLE_IDENTIFIER = org.ekazakov.MovieExplorerTests;
				PRODUCT_NAME = "$(TARGET_NAME)";
				SWIFT_VERSION = 4.0;
				TARGETED_DEVICE_FAMILY = "1,2";
				TEST_HOST = "$(BUILT_PRODUCTS_DIR)/MovieExplorer.app/MovieExplorer";
			};
			name = Debug;
		};
		F6B65D852144242E00BD7D12 /* Release */ = {
			isa = XCBuildConfiguration;
			buildSettings = {
				ALWAYS_EMBED_SWIFT_STANDARD_LIBRARIES = YES;
				BUNDLE_LOADER = "$(TEST_HOST)";
				CODE_SIGN_STYLE = Automatic;
				DEVELOPMENT_TEAM = 22TBR3K4G9;
				INFOPLIST_FILE = MovieExplorerTests/Info.plist;
				LD_RUNPATH_SEARCH_PATHS = (
					"$(inherited)",
					"@executable_path/Frameworks",
					"@loader_path/Frameworks",
				);
				PRODUCT_BUNDLE_IDENTIFIER = org.ekazakov.MovieExplorerTests;
				PRODUCT_NAME = "$(TARGET_NAME)";
				SWIFT_VERSION = 4.0;
				TARGETED_DEVICE_FAMILY = "1,2";
				TEST_HOST = "$(BUILT_PRODUCTS_DIR)/MovieExplorer.app/MovieExplorer";
			};
			name = Release;
		};
/* End XCBuildConfiguration section */

/* Begin XCConfigurationList section */
		F6B65D5C2144242D00BD7D12 /* Build configuration list for PBXProject "MovieExplorer" */ = {
			isa = XCConfigurationList;
			buildConfigurations = (
				F6B65D7E2144242E00BD7D12 /* Debug */,
				F6B65D7F2144242E00BD7D12 /* Release */,
			);
			defaultConfigurationIsVisible = 0;
			defaultConfigurationName = Release;
		};
		F6B65D802144242E00BD7D12 /* Build configuration list for PBXNativeTarget "MovieExplorer" */ = {
			isa = XCConfigurationList;
			buildConfigurations = (
				F6B65D812144242E00BD7D12 /* Debug */,
				F6B65D822144242E00BD7D12 /* Release */,
			);
			defaultConfigurationIsVisible = 0;
			defaultConfigurationName = Release;
		};
		F6B65D832144242E00BD7D12 /* Build configuration list for PBXNativeTarget "MovieExplorerTests" */ = {
			isa = XCConfigurationList;
			buildConfigurations = (
				F6B65D842144242E00BD7D12 /* Debug */,
				F6B65D852144242E00BD7D12 /* Release */,
			);
			defaultConfigurationIsVisible = 0;
			defaultConfigurationName = Release;
		};
/* End XCConfigurationList section */
	};
	rootObject = F6B65D592144242D00BD7D12 /* Project object */;
}
